<Solution>
  <Project Path="all remaining pracs/all remaining pracs.csproj" />
  <Project Path="prac 2/prac 2.csproj" />
  <Project Path="prac 3/prac 3.csproj" />
  <Project Path="prac 4/prac 4.csproj" />
  <Project Path="prac 5/prac 5.csproj" />
  <Project Path="prac 6/prac 6.csproj" />
  <Project Path="prac 7/prac 7.csproj" />
  <Project Path="prac 8/prac 8.csproj" />
  <Project Path="prac 9/prac 9.csproj" />
  <Project Path="prac1/prac1.csproj" />
</Solution>
